---
label: Features Block
hide_body: true
display_field: title
fields:
- name: block
  type: include
  config: {}
  template: ui-block
  label: Block
- name: items
  type: field_group_list
  fields:
  - name: title
    type: text
    config:
      required: true
    label: Title
  - name: icon
    type: select
    default: []
    config:
      required: true
      options:
      - architecture
      - blogging
      - money
      - shield
      - shopping
      - speedometer
      source:
        type: simple
        section: 
        file: 
        path: 
    label: Icon
  - name: content
    type: textarea
    default: ''
    config:
      required: true
      wysiwyg: true
      schema:
        format: markdown
    label: Content
  config:
    min: 1
    max: 
    labelField: 
  label: Items
